{
  "version": 4,
  "terraform_version": "1.2.2",
  "serial": 6,
  "lineage": "59e29d6e-064d-6129-1ffa-0776edc52917",
  "outputs": {},
  "resources": [
    {
      "mode": "managed",
      "type": "digitalocean_kubernetes_cluster",
      "name": "k8s_iniciativa",
      "provider": "provider[\"registry.terraform.io/digitalocean/digitalocean\"]",
      "instances": [
        {
          "schema_version": 3,
          "attributes": {
            "auto_upgrade": false,
            "cluster_subnet": "10.244.0.0/16",
            "created_at": "2022-06-10 21:18:04 +0000 UTC",
            "endpoint": "https://1058ae8c-0276-4418-a5f2-45e379f04279.k8s.ondigitalocean.com",
            "ha": false,
            "id": "1058ae8c-0276-4418-a5f2-45e379f04279",
            "ipv4_address": "192.81.215.218",
            "kube_config": [
              {
                "client_certificate": "",
                "client_key": "",
                "cluster_ca_certificate": "LS0tLS1CRUdJTiBDRVJUSUZJQ0FURS0tLS0tCk1JSURKekNDQWcrZ0F3SUJBZ0lDQm5Vd0RRWUpLb1pJaHZjTkFRRUxCUUF3TXpFVk1CTUdBMVVFQ2hNTVJHbG4KYVhSaGJFOWpaV0Z1TVJvd0dBWURWUVFERXhGck9ITmhZWE1nUTJ4MWMzUmxjaUJEUVRBZUZ3MHlNakEyTVRBeQpNVEU0TURoYUZ3MDBNakEyTVRBeU1URTRNRGhhTURNeEZUQVRCZ05WQkFvVERFUnBaMmwwWVd4UFkyVmhiakVhCk1CZ0dBMVVFQXhNUmF6aHpZV0Z6SUVOc2RYTjBaWElnUTBFd2dnRWlNQTBHQ1NxR1NJYjNEUUVCQVFVQUE0SUIKRHdBd2dnRUtBb0lCQVFDWFpRT2puMFZXcUVXOTlGZjZXakcvWUU1ZVNOR3dFMWwzRVBva0ZMY0duZW1KY2NNVgpYN3A0V21yaVB2OTdPaTgrMXUvNFM2K3RHUkNYK2FUNm9UMFBJcEtVRWJNQy9wOHV3SmtyMGlEc01lemdhSHF1CnJyem9ENmZHZjZDTWIzcDNmaEt3RHR3S25sVEVZbzZvSGRiUitnczRjVjYweE1NR2lNYUZvVkJnVmZtRTVpckwKZjRNL21LVmZhQUJGT09qRTIyc3N6dk1ONUxMZHdrWnVYemNlbnJjS01HUHdEazBiZmtIS2tqZGZGRVpiMTJUZApJOXIySGU1VTQrd3FSelBWdEVZY0Mram9hRUIvRHhlYkFNMWdhUVlUcU4xQzFiNzNwQlhHWUhjT2l3WThnUDZWCmJZVGtNTVRpUkV2TlloRTFkOXllQmt4b1hvakxSVUdVUUp3MUFnTUJBQUdqUlRCRE1BNEdBMVVkRHdFQi93UUUKQXdJQmhqQVNCZ05WSFJNQkFmOEVDREFHQVFIL0FnRUFNQjBHQTFVZERnUVdCQlJRSnlHR0Vhc3lNOU5aREZmOApBUmtPbHI5Z1d6QU5CZ2txaGtpRzl3MEJBUXNGQUFPQ0FRRUFOZ3RUcFh3anRydlUvb3pMVEY5MHYvSkI3MlNGCnpxTVp1SGJVTmRkcklDMUl6cDFCN0QrYVY0N2NqdGlqSWcxbmdUTFhIYXZ4SXU3bGdndjhQbG14cmhMSmJvT2kKUjJIb05XRnpiT0QzVjJyMDlJY0xhU3RYcVd5ZkV1OFd0VjlxOXRZL0d6UmZhNnI2VXlTcHEwWTdpVEsrZDYvbQpLbnd2UXFiT2paS0JJdG9xNW9jUXNkamFpVE4zWjdtM3kySmVPTU96VUQ1cWlpWGZMaVJOSzh0cXlVazFZdlhmCkd3TmQ1SHRuaDhnYWtEcnppMkJHU2oyMjNXUnNHRTNUeXRMNytONWRIdGxBY3RqSkJKd1dPRmVLYmZKU0U2TFgKSlAwaXNkMzFQU1ZRNVlOWkVYa01jUGhDZ3djWCtEc05CeDVHVUFvQ0xVaE1PM25jcGpHU09CQjU4dz09Ci0tLS0tRU5EIENFUlRJRklDQVRFLS0tLS0K",
                "expires_at": "2022-06-17T21:24:25Z",
                "host": "https://1058ae8c-0276-4418-a5f2-45e379f04279.k8s.ondigitalocean.com",
                "raw_config": "apiVersion: v1\nkind: Config\nclusters:\n- cluster:\n    certificate-authority-data: LS0tLS1CRUdJTiBDRVJUSUZJQ0FURS0tLS0tCk1JSURKekNDQWcrZ0F3SUJBZ0lDQm5Vd0RRWUpLb1pJaHZjTkFRRUxCUUF3TXpFVk1CTUdBMVVFQ2hNTVJHbG4KYVhSaGJFOWpaV0Z1TVJvd0dBWURWUVFERXhGck9ITmhZWE1nUTJ4MWMzUmxjaUJEUVRBZUZ3MHlNakEyTVRBeQpNVEU0TURoYUZ3MDBNakEyTVRBeU1URTRNRGhhTURNeEZUQVRCZ05WQkFvVERFUnBaMmwwWVd4UFkyVmhiakVhCk1CZ0dBMVVFQXhNUmF6aHpZV0Z6SUVOc2RYTjBaWElnUTBFd2dnRWlNQTBHQ1NxR1NJYjNEUUVCQVFVQUE0SUIKRHdBd2dnRUtBb0lCQVFDWFpRT2puMFZXcUVXOTlGZjZXakcvWUU1ZVNOR3dFMWwzRVBva0ZMY0duZW1KY2NNVgpYN3A0V21yaVB2OTdPaTgrMXUvNFM2K3RHUkNYK2FUNm9UMFBJcEtVRWJNQy9wOHV3SmtyMGlEc01lemdhSHF1CnJyem9ENmZHZjZDTWIzcDNmaEt3RHR3S25sVEVZbzZvSGRiUitnczRjVjYweE1NR2lNYUZvVkJnVmZtRTVpckwKZjRNL21LVmZhQUJGT09qRTIyc3N6dk1ONUxMZHdrWnVYemNlbnJjS01HUHdEazBiZmtIS2tqZGZGRVpiMTJUZApJOXIySGU1VTQrd3FSelBWdEVZY0Mram9hRUIvRHhlYkFNMWdhUVlUcU4xQzFiNzNwQlhHWUhjT2l3WThnUDZWCmJZVGtNTVRpUkV2TlloRTFkOXllQmt4b1hvakxSVUdVUUp3MUFnTUJBQUdqUlRCRE1BNEdBMVVkRHdFQi93UUUKQXdJQmhqQVNCZ05WSFJNQkFmOEVDREFHQVFIL0FnRUFNQjBHQTFVZERnUVdCQlJRSnlHR0Vhc3lNOU5aREZmOApBUmtPbHI5Z1d6QU5CZ2txaGtpRzl3MEJBUXNGQUFPQ0FRRUFOZ3RUcFh3anRydlUvb3pMVEY5MHYvSkI3MlNGCnpxTVp1SGJVTmRkcklDMUl6cDFCN0QrYVY0N2NqdGlqSWcxbmdUTFhIYXZ4SXU3bGdndjhQbG14cmhMSmJvT2kKUjJIb05XRnpiT0QzVjJyMDlJY0xhU3RYcVd5ZkV1OFd0VjlxOXRZL0d6UmZhNnI2VXlTcHEwWTdpVEsrZDYvbQpLbnd2UXFiT2paS0JJdG9xNW9jUXNkamFpVE4zWjdtM3kySmVPTU96VUQ1cWlpWGZMaVJOSzh0cXlVazFZdlhmCkd3TmQ1SHRuaDhnYWtEcnppMkJHU2oyMjNXUnNHRTNUeXRMNytONWRIdGxBY3RqSkJKd1dPRmVLYmZKU0U2TFgKSlAwaXNkMzFQU1ZRNVlOWkVYa01jUGhDZ3djWCtEc05CeDVHVUFvQ0xVaE1PM25jcGpHU09CQjU4dz09Ci0tLS0tRU5EIENFUlRJRklDQVRFLS0tLS0K\n    server: https://1058ae8c-0276-4418-a5f2-45e379f04279.k8s.ondigitalocean.com\n  name: do-nyc1-k8s\ncontexts:\n- context:\n    cluster: do-nyc1-k8s\n    user: do-nyc1-k8s-admin\n  name: do-nyc1-k8s\ncurrent-context: do-nyc1-k8s\nusers:\n- name: do-nyc1-k8s-admin\n  user:\n    token: dop_v1_3b7e44d1eb68221ad9e52a0cd4fec2bd9a3b17af95fb5beb6f1ba7fbddb1ceda\n",
                "token": "dop_v1_3b7e44d1eb68221ad9e52a0cd4fec2bd9a3b17af95fb5beb6f1ba7fbddb1ceda"
              }
            ],
            "maintenance_policy": [
              {
                "day": "any",
                "duration": "4h0m0s",
                "start_time": "18:00"
              }
            ],
            "name": "k8s",
            "node_pool": [
              {
                "actual_node_count": 3,
                "auto_scale": false,
                "id": "223a81dc-c5d0-4594-a551-5488e82bf3a8",
                "labels": {},
                "max_nodes": 0,
                "min_nodes": 0,
                "name": "worker-pool",
                "node_count": 3,
                "nodes": [
                  {
                    "created_at": "2022-06-10 21:18:04 +0000 UTC",
                    "droplet_id": "303630141",
                    "id": "4f676a0e-ff22-4585-b8b8-8e65c1ce18dd",
                    "name": "worker-pool-c2oly",
                    "status": "running",
                    "updated_at": "2022-06-10 21:21:02 +0000 UTC"
                  },
                  {
                    "created_at": "2022-06-10 21:18:04 +0000 UTC",
                    "droplet_id": "303630139",
                    "id": "62a399b2-c775-4601-97ee-f13538edf9be",
                    "name": "worker-pool-c2olx",
                    "status": "running",
                    "updated_at": "2022-06-10 21:21:02 +0000 UTC"
                  },
                  {
                    "created_at": "2022-06-10 21:18:04 +0000 UTC",
                    "droplet_id": "303630140",
                    "id": "87dafc41-2fa5-4b7c-bba0-b0c603360eb0",
                    "name": "worker-pool-c2olo",
                    "status": "running",
                    "updated_at": "2022-06-10 21:21:02 +0000 UTC"
                  }
                ],
                "size": "s-2vcpu-2gb",
                "tags": [],
                "taint": []
              }
            ],
            "region": "nyc1",
            "service_subnet": "10.245.0.0/16",
            "status": "running",
            "surge_upgrade": true,
            "tags": [],
            "timeouts": null,
            "updated_at": "2022-06-10 22:01:51 +0000 UTC",
            "urn": "do:kubernetes:1058ae8c-0276-4418-a5f2-45e379f04279",
            "version": "1.22.8-do.1",
            "vpc_uuid": "1fc6ef97-185d-4c20-9048-b62e26443143"
          },
          "sensitive_attributes": [],
          "private": "eyJlMmJmYjczMC1lY2FhLTExZTYtOGY4OC0zNDM2M2JjN2M0YzAiOnsiY3JlYXRlIjoxODAwMDAwMDAwMDAwfSwic2NoZW1hX3ZlcnNpb24iOiIzIn0="
        }
      ]
    },
    {
      "mode": "managed",
      "type": "digitalocean_kubernetes_node_pool",
      "name": "top",
      "provider": "provider[\"registry.terraform.io/digitalocean/digitalocean\"]",
      "instances": [
        {
          "schema_version": 1,
          "attributes": {
            "actual_node_count": 2,
            "auto_scale": false,
            "cluster_id": "1058ae8c-0276-4418-a5f2-45e379f04279",
            "id": "00990e30-0b5b-4ebb-9171-d8ce677c2e7d",
            "labels": {},
            "max_nodes": 0,
            "min_nodes": 0,
            "name": "top",
            "node_count": 2,
            "nodes": [
              {
                "created_at": "2022-06-10 21:58:09 +0000 UTC",
                "droplet_id": "303632540",
                "id": "9471a5de-9be2-4bbf-8668-f4a01d95a2d4",
                "name": "top-c2ov7",
                "status": "running",
                "updated_at": "2022-06-10 21:59:00 +0000 UTC"
              },
              {
                "created_at": "2022-06-10 21:58:09 +0000 UTC",
                "droplet_id": "303632539",
                "id": "bd2faab5-0ef2-4563-b9d7-68a063dacb1b",
                "name": "top-c2ovm",
                "status": "running",
                "updated_at": "2022-06-10 21:59:00 +0000 UTC"
              }
            ],
            "size": "s-2vcpu-2gb",
            "tags": [],
            "taint": [],
            "timeouts": null
          },
          "sensitive_attributes": [],
          "private": "eyJlMmJmYjczMC1lY2FhLTExZTYtOGY4OC0zNDM2M2JjN2M0YzAiOnsiY3JlYXRlIjoxODAwMDAwMDAwMDAwLCJkZWxldGUiOjE4MDAwMDAwMDAwMDB9LCJzY2hlbWFfdmVyc2lvbiI6IjEifQ==",
          "dependencies": [
            "digitalocean_kubernetes_cluster.k8s_iniciativa"
          ]
        }
      ]
    }
  ]
}
